
Microsoft Visual Studio Solution File, Format Version 12.00
# Visual Studio 2012
Project("{FAE04EC0-301F-11D3-BF4B-00C04F79EFBC}") = "UlcRobotics.Ui.ControlTest", "UlcRobotics.Ui.ControlTest\UlcRobotics.Ui.ControlTest.csproj", "{FC301F13-5A1D-4DC0-96CD-2670AFF0964E}"
EndProject
Project("{FAE04EC0-301F-11D3-BF4B-00C04F79EFBC}") = "UlcRobotics.Ui.Controls", "UlcRobotics.Ui.Controls\UlcRobotics.Ui.Controls.csproj", "{6340E037-A266-4C8A-91D8-5A693A8C13F9}"
EndProject
Global
	GlobalSection(SolutionConfigurationPlatforms) = preSolution
		Debug|Any CPU = Debug|Any CPU
		Release|Any CPU = Release|Any CPU
	EndGlobalSection
	GlobalSection(ProjectConfigurationPlatforms) = postSolution
		{FC301F13-5A1D-4DC0-96CD-2670AFF0964E}.Debug|Any CPU.ActiveCfg = Debug|Any CPU
		{FC301F13-5A1D-4DC0-96CD-2670AFF0964E}.Debug|Any CPU.Build.0 = Debug|Any CPU
		{FC301F13-5A1D-4DC0-96CD-2670AFF0964E}.Release|Any CPU.ActiveCfg = Release|Any CPU
		{FC301F13-5A1D-4DC0-96CD-2670AFF0964E}.Release|Any CPU.Build.0 = Release|Any CPU
		{6340E037-A266-4C8A-91D8-5A693A8C13F9}.Debug|Any CPU.ActiveCfg = Debug|Any CPU
		{6340E037-A266-4C8A-91D8-5A693A8C13F9}.Debug|Any CPU.Build.0 = Debug|Any CPU
		{6340E037-A266-4C8A-91D8-5A693A8C13F9}.Release|Any CPU.ActiveCfg = Release|Any CPU
		{6340E037-A266-4C8A-91D8-5A693A8C13F9}.Release|Any CPU.Build.0 = Release|Any CPU
	EndGlobalSection
	GlobalSection(SolutionProperties) = preSolution
		HideSolutionNode = FALSE
	EndGlobalSection
EndGlobal
