
Microsoft Visual Studio Solution File, Format Version 12.00
# Visual Studio 2012
Project("{FAE04EC0-301F-11D3-BF4B-00C04F79EFBC}") = "NICBOT.Utilities", "NICBOT.Utilities\NICBOT.Utilities.csproj", "{159C080C-76E7-46D8-94ED-02F9619165C0}"
EndProject
Project("{FAE04EC0-301F-11D3-BF4B-00C04F79EFBC}") = "NICBOT.Controls", "NICBOT.Controls\NICBOT.Controls.csproj", "{087EB95E-A893-4190-AEE6-32603A113187}"
EndProject
Project("{FAE04EC0-301F-11D3-BF4B-00C04F79EFBC}") = "NICBOT.PCANLight", "NICBOT.PCANLight\NICBOT.PCANLight.csproj", "{A182EBE3-CE10-4825-8B06-B581685BB389}"
EndProject
Project("{FAE04EC0-301F-11D3-BF4B-00C04F79EFBC}") = "NICBOT.TraceListener", "NICBOT.TraceListener\NICBOT.TraceListener.csproj", "{7FB09A10-4B01-4810-97D3-B443D2063C98}"
EndProject
Project("{FAE04EC0-301F-11D3-BF4B-00C04F79EFBC}") = "NICBOT.GUI", "NICBOT.GUI\NICBOT.GUI.csproj", "{3960D9C5-C80C-4815-8246-E8813831C881}"
EndProject
Project("{FAE04EC0-301F-11D3-BF4B-00C04F79EFBC}") = "NICBOT.CAN", "NICBOT.CAN\NICBOT.CAN.csproj", "{206CAED2-33AE-4D9D-BB5D-50AF1B9A3CD4}"
EndProject
Project("{FAE04EC0-301F-11D3-BF4B-00C04F79EFBC}") = "NICBOT.BusSim", "NICBOT.BusSim\NICBOT.BusSim.csproj", "{257F078E-A65A-4D36-A38F-156DC60D025A}"
EndProject
Project("{FAE04EC0-301F-11D3-BF4B-00C04F79EFBC}") = "NICBOT.ScaleSim", "NICBOT.ScaleSim\NICBOT.ScaleSim.csproj", "{7DFFA644-441A-4BA6-9C22-650CD9A5D211}"
EndProject
Project("{FAE04EC0-301F-11D3-BF4B-00C04F79EFBC}") = "NICBOT.SensorSim", "NICBOT.SensorSim\NICBOT.SensorSim.csproj", "{D2C034BE-C34A-4DF0-AACE-EA9598767A13}"
EndProject
Project("{FAE04EC0-301F-11D3-BF4B-00C04F79EFBC}") = "NICBOT.DeviceTest", "NICBOT.DeviceTest\NICBOT.DeviceTest.csproj", "{8158AC3E-75BD-47C2-B813-A7C24D31623E}"
EndProject
Project("{FAE04EC0-301F-11D3-BF4B-00C04F79EFBC}") = "NICBOT.SensorClient", "NICBOT.SensorClient\NICBOT.SensorClient.csproj", "{B01A521F-EBC0-4517-88D9-E6E3F4C5C3A3}"
EndProject
Project("{FAE04EC0-301F-11D3-BF4B-00C04F79EFBC}") = "NICBOT.OSD", "NICBOT.OSD\NICBOT.OSD.csproj", "{75D90953-2307-4BD0-9E5A-BF91CAD6AC2E}"
EndProject
Global
	GlobalSection(SolutionConfigurationPlatforms) = preSolution
		Debug|Any CPU = Debug|Any CPU
		Release|Any CPU = Release|Any CPU
	EndGlobalSection
	GlobalSection(ProjectConfigurationPlatforms) = postSolution
		{159C080C-76E7-46D8-94ED-02F9619165C0}.Debug|Any CPU.ActiveCfg = Debug|Any CPU
		{159C080C-76E7-46D8-94ED-02F9619165C0}.Debug|Any CPU.Build.0 = Debug|Any CPU
		{159C080C-76E7-46D8-94ED-02F9619165C0}.Release|Any CPU.ActiveCfg = Release|Any CPU
		{159C080C-76E7-46D8-94ED-02F9619165C0}.Release|Any CPU.Build.0 = Release|Any CPU
		{087EB95E-A893-4190-AEE6-32603A113187}.Debug|Any CPU.ActiveCfg = Debug|Any CPU
		{087EB95E-A893-4190-AEE6-32603A113187}.Debug|Any CPU.Build.0 = Debug|Any CPU
		{087EB95E-A893-4190-AEE6-32603A113187}.Release|Any CPU.ActiveCfg = Release|Any CPU
		{087EB95E-A893-4190-AEE6-32603A113187}.Release|Any CPU.Build.0 = Release|Any CPU
		{A182EBE3-CE10-4825-8B06-B581685BB389}.Debug|Any CPU.ActiveCfg = Debug|Any CPU
		{A182EBE3-CE10-4825-8B06-B581685BB389}.Debug|Any CPU.Build.0 = Debug|Any CPU
		{A182EBE3-CE10-4825-8B06-B581685BB389}.Release|Any CPU.ActiveCfg = Release|Any CPU
		{A182EBE3-CE10-4825-8B06-B581685BB389}.Release|Any CPU.Build.0 = Release|Any CPU
		{7FB09A10-4B01-4810-97D3-B443D2063C98}.Debug|Any CPU.ActiveCfg = Debug|Any CPU
		{7FB09A10-4B01-4810-97D3-B443D2063C98}.Debug|Any CPU.Build.0 = Debug|Any CPU
		{7FB09A10-4B01-4810-97D3-B443D2063C98}.Release|Any CPU.ActiveCfg = Release|Any CPU
		{7FB09A10-4B01-4810-97D3-B443D2063C98}.Release|Any CPU.Build.0 = Release|Any CPU
		{3960D9C5-C80C-4815-8246-E8813831C881}.Debug|Any CPU.ActiveCfg = Debug|Any CPU
		{3960D9C5-C80C-4815-8246-E8813831C881}.Debug|Any CPU.Build.0 = Debug|Any CPU
		{3960D9C5-C80C-4815-8246-E8813831C881}.Release|Any CPU.ActiveCfg = Release|Any CPU
		{3960D9C5-C80C-4815-8246-E8813831C881}.Release|Any CPU.Build.0 = Release|Any CPU
		{206CAED2-33AE-4D9D-BB5D-50AF1B9A3CD4}.Debug|Any CPU.ActiveCfg = Debug|Any CPU
		{206CAED2-33AE-4D9D-BB5D-50AF1B9A3CD4}.Debug|Any CPU.Build.0 = Debug|Any CPU
		{206CAED2-33AE-4D9D-BB5D-50AF1B9A3CD4}.Release|Any CPU.ActiveCfg = Release|Any CPU
		{206CAED2-33AE-4D9D-BB5D-50AF1B9A3CD4}.Release|Any CPU.Build.0 = Release|Any CPU
		{257F078E-A65A-4D36-A38F-156DC60D025A}.Debug|Any CPU.ActiveCfg = Debug|Any CPU
		{257F078E-A65A-4D36-A38F-156DC60D025A}.Debug|Any CPU.Build.0 = Debug|Any CPU
		{257F078E-A65A-4D36-A38F-156DC60D025A}.Release|Any CPU.ActiveCfg = Release|Any CPU
		{257F078E-A65A-4D36-A38F-156DC60D025A}.Release|Any CPU.Build.0 = Release|Any CPU
		{7DFFA644-441A-4BA6-9C22-650CD9A5D211}.Debug|Any CPU.ActiveCfg = Debug|Any CPU
		{7DFFA644-441A-4BA6-9C22-650CD9A5D211}.Debug|Any CPU.Build.0 = Debug|Any CPU
		{7DFFA644-441A-4BA6-9C22-650CD9A5D211}.Release|Any CPU.ActiveCfg = Release|Any CPU
		{7DFFA644-441A-4BA6-9C22-650CD9A5D211}.Release|Any CPU.Build.0 = Release|Any CPU
		{D2C034BE-C34A-4DF0-AACE-EA9598767A13}.Debug|Any CPU.ActiveCfg = Debug|Any CPU
		{D2C034BE-C34A-4DF0-AACE-EA9598767A13}.Debug|Any CPU.Build.0 = Debug|Any CPU
		{D2C034BE-C34A-4DF0-AACE-EA9598767A13}.Release|Any CPU.ActiveCfg = Release|Any CPU
		{D2C034BE-C34A-4DF0-AACE-EA9598767A13}.Release|Any CPU.Build.0 = Release|Any CPU
		{8158AC3E-75BD-47C2-B813-A7C24D31623E}.Debug|Any CPU.ActiveCfg = Debug|Any CPU
		{8158AC3E-75BD-47C2-B813-A7C24D31623E}.Debug|Any CPU.Build.0 = Debug|Any CPU
		{8158AC3E-75BD-47C2-B813-A7C24D31623E}.Release|Any CPU.ActiveCfg = Release|Any CPU
		{8158AC3E-75BD-47C2-B813-A7C24D31623E}.Release|Any CPU.Build.0 = Release|Any CPU
		{B01A521F-EBC0-4517-88D9-E6E3F4C5C3A3}.Debug|Any CPU.ActiveCfg = Debug|Any CPU
		{B01A521F-EBC0-4517-88D9-E6E3F4C5C3A3}.Debug|Any CPU.Build.0 = Debug|Any CPU
		{B01A521F-EBC0-4517-88D9-E6E3F4C5C3A3}.Release|Any CPU.ActiveCfg = Release|Any CPU
		{B01A521F-EBC0-4517-88D9-E6E3F4C5C3A3}.Release|Any CPU.Build.0 = Release|Any CPU
		{75D90953-2307-4BD0-9E5A-BF91CAD6AC2E}.Debug|Any CPU.ActiveCfg = Debug|Any CPU
		{75D90953-2307-4BD0-9E5A-BF91CAD6AC2E}.Debug|Any CPU.Build.0 = Debug|Any CPU
		{75D90953-2307-4BD0-9E5A-BF91CAD6AC2E}.Release|Any CPU.ActiveCfg = Release|Any CPU
		{75D90953-2307-4BD0-9E5A-BF91CAD6AC2E}.Release|Any CPU.Build.0 = Release|Any CPU
	EndGlobalSection
	GlobalSection(SolutionProperties) = preSolution
		HideSolutionNode = FALSE
	EndGlobalSection
EndGlobal
